
Microsoft Visual Studio Solution File, Format Version 12.00
# Visual Studio 15
VisualStudioVersion = 15.0.28307.106
MinimumVisualStudioVersion = 10.0.40219.1
Project("{FAE04EC0-301F-11D3-BF4B-00C04F79EFBC}") = "TWRP-SAppInstaller", "TWRP-SAppInstaller\TWRP-SAppInstaller.csproj", "{F01360AF-0A3A-429A-91F2-AD3CD9E4EE06}"
EndProject
Global
	GlobalSection(SolutionConfigurationPlatforms) = preSolution
		Debug|Any CPU = Debug|Any CPU
		Release|Any CPU = Release|Any CPU
	EndGlobalSection
	GlobalSection(ProjectConfigurationPlatforms) = postSolution
		{F01360AF-0A3A-429A-91F2-AD3CD9E4EE06}.Debug|Any CPU.ActiveCfg = Debug|Any CPU
		{F01360AF-0A3A-429A-91F2-AD3CD9E4EE06}.Debug|Any CPU.Build.0 = Debug|Any CPU
		{F01360AF-0A3A-429A-91F2-AD3CD9E4EE06}.Release|Any CPU.ActiveCfg = Release|Any CPU
		{F01360AF-0A3A-429A-91F2-AD3CD9E4EE06}.Release|Any CPU.Build.0 = Release|Any CPU
	EndGlobalSection
	GlobalSection(SolutionProperties) = preSolution
		HideSolutionNode = FALSE
	EndGlobalSection
	GlobalSection(ExtensibilityGlobals) = postSolution
		SolutionGuid = {96275F59-B3CC-47B0-AC18-28B92FA6209B}
	EndGlobalSection
EndGlobal
